
Microsoft Visual Studio Solution File, Format Version 12.00
# Visual Studio Version 17
VisualStudioVersion = 17.0.31903.59
MinimumVisualStudioVersion = 10.0.40219.1
Project("{FAE04EC0-301F-11D3-BF4B-00C04F79EFBC}") = "API", "API\API.csproj", "{45A361E4-384E-4E57-8432-6C9285396341}"
EndProject
Project("{FAE04EC0-301F-11D3-BF4B-00C04F79EFBC}") = "Application", "Application\Application.csproj", "{3FEDA341-CD8E-45C1-B93B-C769BD869F77}"
EndProject
Project("{FAE04EC0-301F-11D3-BF4B-00C04F79EFBC}") = "Domain", "Domain\Domain.csproj", "{63C3008A-8B88-4C59-B1E7-5F1488182117}"
EndProject
Project("{FAE04EC0-301F-11D3-BF4B-00C04F79EFBC}") = "Persistence", "Persistence\Persistence.csproj", "{EB0BE43B-C68D-45CD-B62C-32442A2D161C}"
EndProject
Global
	GlobalSection(SolutionConfigurationPlatforms) = preSolution
		Debug|Any CPU = Debug|Any CPU
		Release|Any CPU = Release|Any CPU
	EndGlobalSection
	GlobalSection(SolutionProperties) = preSolution
		HideSolutionNode = FALSE
	EndGlobalSection
	GlobalSection(ProjectConfigurationPlatforms) = postSolution
		{45A361E4-384E-4E57-8432-6C9285396341}.Debug|Any CPU.ActiveCfg = Debug|Any CPU
		{45A361E4-384E-4E57-8432-6C9285396341}.Debug|Any CPU.Build.0 = Debug|Any CPU
		{45A361E4-384E-4E57-8432-6C9285396341}.Release|Any CPU.ActiveCfg = Release|Any CPU
		{45A361E4-384E-4E57-8432-6C9285396341}.Release|Any CPU.Build.0 = Release|Any CPU
		{3FEDA341-CD8E-45C1-B93B-C769BD869F77}.Debug|Any CPU.ActiveCfg = Debug|Any CPU
		{3FEDA341-CD8E-45C1-B93B-C769BD869F77}.Debug|Any CPU.Build.0 = Debug|Any CPU
		{3FEDA341-CD8E-45C1-B93B-C769BD869F77}.Release|Any CPU.ActiveCfg = Release|Any CPU
		{3FEDA341-CD8E-45C1-B93B-C769BD869F77}.Release|Any CPU.Build.0 = Release|Any CPU
		{63C3008A-8B88-4C59-B1E7-5F1488182117}.Debug|Any CPU.ActiveCfg = Debug|Any CPU
		{63C3008A-8B88-4C59-B1E7-5F1488182117}.Debug|Any CPU.Build.0 = Debug|Any CPU
		{63C3008A-8B88-4C59-B1E7-5F1488182117}.Release|Any CPU.ActiveCfg = Release|Any CPU
		{63C3008A-8B88-4C59-B1E7-5F1488182117}.Release|Any CPU.Build.0 = Release|Any CPU
		{EB0BE43B-C68D-45CD-B62C-32442A2D161C}.Debug|Any CPU.ActiveCfg = Debug|Any CPU
		{EB0BE43B-C68D-45CD-B62C-32442A2D161C}.Debug|Any CPU.Build.0 = Debug|Any CPU
		{EB0BE43B-C68D-45CD-B62C-32442A2D161C}.Release|Any CPU.ActiveCfg = Release|Any CPU
		{EB0BE43B-C68D-45CD-B62C-32442A2D161C}.Release|Any CPU.Build.0 = Release|Any CPU
	EndGlobalSection
EndGlobal
